{
    "name": "@red5/middleware",
    "version": "1.0.0",
    "lockfileVersion": 1,
    "requires": true,
    "dependencies": {
        "@red5/server": {
            "version": "1.0.0",
            "requires": {
                "dotenv": "^5.0.1",
                "mime-types": "^2.1.20"
            }
        }
    }
}
