{
    "name": "red5",
    "version": "1.0.0",
    "lockfileVersion": 1,
    "requires": true,
    "dependencies": {
        "red5-router": {
            "version": "1.0.0"
        },
        "red5-server": {
            "version": "1.0.0",
            "requires": {
                "dotenv": "^5.0.1",
                "mime-types": "^2.1.20"
            },
            "dependencies": {
                "@types/dotenv": {
                    "version": "4.0.3",
                    "bundled": true,
                    "requires": {
                        "@types/node": "*"
                    }
                },
                "@types/mime-types": {
                    "version": "2.1.0",
                    "bundled": true
                },
                "@types/node": {
                    "version": "10.9.4",
                    "bundled": true
                },
                "dotenv": {
                    "version": "5.0.1",
                    "bundled": true
                },
                "mime-db": {
                    "version": "1.36.0",
                    "bundled": true
                },
                "mime-types": {
                    "version": "2.1.20",
                    "bundled": true,
                    "requires": {
                        "mime-db": "~1.36.0"
                    }
                }
            }
        },
        "red5-session": {
            "version": "1.0.0",
            "requires": {
                "cookie": "^0.3.1",
                "crypto": "^1.0.1"
            },
            "dependencies": {
                "@types/cookie": {
                    "version": "0.3.1",
                    "bundled": true
                },
                "cookie": {
                    "version": "0.3.1",
                    "bundled": true
                },
                "crypto": {
                    "version": "1.0.1",
                    "bundled": true
                }
            }
        },
        "red5-storage": {
            "version": "1.0.0",
            "requires": {
                "cookie": "^0.3.1",
                "crypto": "^1.0.1",
                "mkdirp": "^0.5.1"
            },
            "dependencies": {
                "@types/cookie": {
                    "version": "0.3.1",
                    "bundled": true
                },
                "@types/mkdirp": {
                    "version": "0.5.2",
                    "bundled": true,
                    "requires": {
                        "@types/node": "*"
                    }
                },
                "@types/node": {
                    "version": "10.9.4",
                    "bundled": true
                },
                "cookie": {
                    "version": "0.3.1",
                    "bundled": true
                },
                "crypto": {
                    "version": "1.0.1",
                    "bundled": true
                },
                "minimist": {
                    "version": "0.0.8",
                    "bundled": true
                },
                "mkdirp": {
                    "version": "0.5.1",
                    "bundled": true,
                    "requires": {
                        "minimist": "0.0.8"
                    }
                }
            }
        }
    }
}
